// !$*UTF8*$!
{
	archiveVersion = 1;
	classes = {
	};
	objectVersion = 56;
	objects = {

/* Begin PBXBuildFile section */
		D553C078292290E800533F9D /* anaAlertApp.swift in Sources */ = {isa = PBXBuildFile; fileRef = D553C077292290E800533F9D /* anaAlertApp.swift */; };
		D553C07A292290E800533F9D /* ContentView.swift in Sources */ = {isa = PBXBuildFile; fileRef = D553C079292290E800533F9D /* ContentView.swift */; };
		D553C07C292290EA00533F9D /* Assets.xcassets in Resources */ = {isa = PBXBuildFile; fileRef = D553C07B292290EA00533F9D /* Assets.xcassets */; };
		D553C07F292290EA00533F9D /* Preview Assets.xcassets in Resources */ = {isa = PBXBuildFile; fileRef = D553C07E292290EA00533F9D /* Preview Assets.xcassets */; };
		D553C089292290EA00533F9D /* anaAlertTests.swift in Sources */ = {isa = PBXBuildFile; fileRef = D553C088292290EA00533F9D /* anaAlertTests.swift */; };
		D553C093292290EA00533F9D /* anaAlertUITests.swift in Sources */ = {isa = PBXBuildFile; fileRef = D553C092292290EA00533F9D /* anaAlertUITests.swift */; };
		D553C095292290EA00533F9D /* anaAlertUITestsLaunchTests.swift in Sources */ = {isa = PBXBuildFile; fileRef = D553C094292290EA00533F9D /* anaAlertUITestsLaunchTests.swift */; };
		D553C0A22923ECA200533F9D /* EpipenDetailedView.swift in Sources */ = {isa = PBXBuildFile; fileRef = D553C0A12923ECA200533F9D /* EpipenDetailedView.swift */; };
/* End PBXBuildFile section */

/* Begin PBXContainerItemProxy section */
		D553C085292290EA00533F9D /* PBXContainerItemProxy */ = {
			isa = PBXContainerItemProxy;
			containerPortal = D553C06C292290E800533F9D /* Project object */;
			proxyType = 1;
			remoteGlobalIDString = D553C073292290E800533F9D;
			remoteInfo = anaAlert;
		};
		D553C08F292290EA00533F9D /* PBXContainerItemProxy */ = {
			isa = PBXContainerItemProxy;
			containerPortal = D553C06C292290E800533F9D /* Project object */;
			proxyType = 1;
			remoteGlobalIDString = D553C073292290E800533F9D;
			remoteInfo = anaAlert;
		};
/* End PBXContainerItemProxy section */

/* Begin PBXFileReference section */
		D553C074292290E800533F9D /* anaAlert.app */ = {isa = PBXFileReference; explicitFileType = wrapper.application; includeInIndex = 0; path = anaAlert.app; sourceTree = BUILT_PRODUCTS_DIR; };
		D553C077292290E800533F9D /* anaAlertApp.swift */ = {isa = PBXFileReference; lastKnownFileType = sourcecode.swift; path = anaAlertApp.swift; sourceTree = "<group>"; };
		D553C079292290E800533F9D /* ContentView.swift */ = {isa = PBXFileReference; lastKnownFileType = sourcecode.swift; path = ContentView.swift; sourceTree = "<group>"; };
		D553C07B292290EA00533F9D /* Assets.xcassets */ = {isa = PBXFileReference; lastKnownFileType = folder.assetcatalog; path = Assets.xcassets; sourceTree = "<group>"; };
		D553C07E292290EA00533F9D /* Preview Assets.xcassets */ = {isa = PBXFileReference; lastKnownFileType = folder.assetcatalog; path = "Preview Assets.xcassets"; sourceTree = "<group>"; };
		D553C084292290EA00533F9D /* anaAlertTests.xctest */ = {isa = PBXFileReference; explicitFileType = wrapper.cfbundle; includeInIndex = 0; path = anaAlertTests.xctest; sourceTree = BUILT_PRODUCTS_DIR; };
		D553C088292290EA00533F9D /* anaAlertTests.swift */ = {isa = PBXFileReference; lastKnownFileType = sourcecode.swift; path = anaAlertTests.swift; sourceTree = "<group>"; };
		D553C08E292290EA00533F9D /* anaAlertUITests.xctest */ = {isa = PBXFileReference; explicitFileType = wrapper.cfbundle; includeInIndex = 0; path = anaAlertUITests.xctest; sourceTree = BUILT_PRODUCTS_DIR; };
		D553C092292290EA00533F9D /* anaAlertUITests.swift */ = {isa = PBXFileReference; lastKnownFileType = sourcecode.swift; path = anaAlertUITests.swift; sourceTree = "<group>"; };
		D553C094292290EA00533F9D /* anaAlertUITestsLaunchTests.swift */ = {isa = PBXFileReference; lastKnownFileType = sourcecode.swift; path = anaAlertUITestsLaunchTests.swift; sourceTree = "<group>"; };
		D553C0A12923ECA200533F9D /* EpipenDetailedView.swift */ = {isa = PBXFileReference; lastKnownFileType = sourcecode.swift; path = EpipenDetailedView.swift; sourceTree = "<group>"; };
/* End PBXFileReference section */

/* Begin PBXFrameworksBuildPhase section */
		D553C071292290E800533F9D /* Frameworks */ = {
			isa = PBXFrameworksBuildPhase;
			buildActionMask = 2147483647;
			files = (
			);
			runOnlyForDeploymentPostprocessing = 0;
		};
		D553C081292290EA00533F9D /* Frameworks */ = {
			isa = PBXFrameworksBuildPhase;
			buildActionMask = 2147483647;
			files = (
			);
			runOnlyForDeploymentPostprocessing = 0;
		};
		D553C08B292290EA00533F9D /* Frameworks */ = {
			isa = PBXFrameworksBuildPhase;
			buildActionMask = 2147483647;
			files = (
			);
			runOnlyForDeploymentPostprocessing = 0;
		};
/* End PBXFrameworksBuildPhase section */

/* Begin PBXGroup section */
		D553C06B292290E800533F9D = {
			isa = PBXGroup;
			children = (
				D553C076292290E800533F9D /* anaAlert */,
				D553C087292290EA00533F9D /* anaAlertTests */,
				D553C091292290EA00533F9D /* anaAlertUITests */,
				D553C075292290E800533F9D /* Products */,
			);
			sourceTree = "<group>";
		};
		D553C075292290E800533F9D /* Products */ = {
			isa = PBXGroup;
			children = (
				D553C074292290E800533F9D /* anaAlert.app */,
				D553C084292290EA00533F9D /* anaAlertTests.xctest */,
				D553C08E292290EA00533F9D /* anaAlertUITests.xctest */,
			);
			name = Products;
			sourceTree = "<group>";
		};
		D553C076292290E800533F9D /* anaAlert */ = {
			isa = PBXGroup;
			children = (
				D553C077292290E800533F9D /* anaAlertApp.swift */,
				D553C079292290E800533F9D /* ContentView.swift */,
				D553C0A12923ECA200533F9D /* EpipenDetailedView.swift */,
				D553C07B292290EA00533F9D /* Assets.xcassets */,
				D553C07D292290EA00533F9D /* Preview Content */,
			);
			path = anaAlert;
			sourceTree = "<group>";
		};
		D553C07D292290EA00533F9D /* Preview Content */ = {
			isa = PBXGroup;
			children = (
				D553C07E292290EA00533F9D /* Preview Assets.xcassets */,
			);
			path = "Preview Content";
			sourceTree = "<group>";
		};
		D553C087292290EA00533F9D /* anaAlertTests */ = {
			isa = PBXGroup;
			children = (
				D553C088292290EA00533F9D /* anaAlertTests.swift */,
			);
			path = anaAlertTests;
			sourceTree = "<group>";
		};
		D553C091292290EA00533F9D /* anaAlertUITests */ = {
			isa = PBXGroup;
			children = (
				D553C092292290EA00533F9D /* anaAlertUITests.swift */,
				D553C094292290EA00533F9D /* anaAlertUITestsLaunchTests.swift */,
			);
			path = anaAlertUITests;
			sourceTree = "<group>";
		};
/* End PBXGroup section */

/* Begin PBXNativeTarget section */
		D553C073292290E800533F9D /* anaAlert */ = {
			isa = PBXNativeTarget;
			buildConfigurationList = D553C098292290EA00533F9D /* Build configuration list for PBXNativeTarget "anaAlert" */;
			buildPhases = (
				D553C070292290E800533F9D /* Sources */,
				D553C071292290E800533F9D /* Frameworks */,
				D553C072292290E800533F9D /* Resources */,
			);
			buildRules = (
			);
			dependencies = (
			);
			name = anaAlert;
			productName = anaAlert;
			productReference = D553C074292290E800533F9D /* anaAlert.app */;
			productType = "com.apple.product-type.application";
		};
		D553C083292290EA00533F9D /* anaAlertTests */ = {
			isa = PBXNativeTarget;
			buildConfigurationList = D553C09B292290EA00533F9D /* Build configuration list for PBXNativeTarget "anaAlertTests" */;
			buildPhases = (
				D553C080292290EA00533F9D /* Sources */,
				D553C081292290EA00533F9D /* Frameworks */,
				D553C082292290EA00533F9D /* Resources */,
			);
			buildRules = (
			);
			dependencies = (
				D553C086292290EA00533F9D /* PBXTargetDependency */,
			);
			name = anaAlertTests;
			productName = anaAlertTests;
			productReference = D553C084292290EA00533F9D /* anaAlertTests.xctest */;
			productType = "com.apple.product-type.bundle.unit-test";
		};
		D553C08D292290EA00533F9D /* anaAlertUITests */ = {
			isa = PBXNativeTarget;
			buildConfigurationList = D553C09E292290EA00533F9D /* Build configuration list for PBXNativeTarget "anaAlertUITests" */;
			buildPhases = (
				D553C08A292290EA00533F9D /* Sources */,
				D553C08B292290EA00533F9D /* Frameworks */,
				D553C08C292290EA00533F9D /* Resources */,
			);
			buildRules = (
			);
			dependencies = (
				D553C090292290EA00533F9D /* PBXTargetDependency */,
			);
			name = anaAlertUITests;
			productName = anaAlertUITests;
			productReference = D553C08E292290EA00533F9D /* anaAlertUITests.xctest */;
			productType = "com.apple.product-type.bundle.ui-testing";
		};
/* End PBXNativeTarget section */

/* Begin PBXProject section */
		D553C06C292290E800533F9D /* Project object */ = {
			isa = PBXProject;
			attributes = {
				BuildIndependentTargetsInParallel = 1;
				LastSwiftUpdateCheck = 1410;
				LastUpgradeCheck = 1410;
				TargetAttributes = {
					D553C073292290E800533F9D = {
						CreatedOnToolsVersion = 14.1;
					};
					D553C083292290EA00533F9D = {
						CreatedOnToolsVersion = 14.1;
						TestTargetID = D553C073292290E800533F9D;
					};
					D553C08D292290EA00533F9D = {
						CreatedOnToolsVersion = 14.1;
						TestTargetID = D553C073292290E800533F9D;
					};
				};
			};
			buildConfigurationList = D553C06F292290E800533F9D /* Build configuration list for PBXProject "anaAlert" */;
			compatibilityVersion = "Xcode 14.0";
			developmentRegion = en;
			hasScannedForEncodings = 0;
			knownRegions = (
				en,
				Base,
			);
			mainGroup = D553C06B292290E800533F9D;
			productRefGroup = D553C075292290E800533F9D /* Products */;
			projectDirPath = "";
			projectRoot = "";
			targets = (
				D553C073292290E800533F9D /* anaAlert */,
				D553C083292290EA00533F9D /* anaAlertTests */,
				D553C08D292290EA00533F9D /* anaAlertUITests */,
			);
		};
/* End PBXProject section */

/* Begin PBXResourcesBuildPhase section */
		D553C072292290E800533F9D /* Resources */ = {
			isa = PBXResourcesBuildPhase;
			buildActionMask = 2147483647;
			files = (
				D553C07F292290EA00533F9D /* Preview Assets.xcassets in Resources */,
				D553C07C292290EA00533F9D /* Assets.xcassets in Resources */,
			);
			runOnlyForDeploymentPostprocessing = 0;
		};
		D553C082292290EA00533F9D /* Resources */ = {
			isa = PBXResourcesBuildPhase;
			buildActionMask = 2147483647;
			files = (
			);
			runOnlyForDeploymentPostprocessing = 0;
		};
		D553C08C292290EA00533F9D /* Resources */ = {
			isa = PBXResourcesBuildPhase;
			buildActionMask = 2147483647;
			files = (
			);
			runOnlyForDeploymentPostprocessing = 0;
		};
/* End PBXResourcesBuildPhase section */

/* Begin PBXSourcesBuildPhase section */
		D553C070292290E800533F9D /* Sources */ = {
			isa = PBXSourcesBuildPhase;
			buildActionMask = 2147483647;
			files = (
				D553C0A22923ECA200533F9D /* EpipenDetailedView.swift in Sources */,
				D553C07A292290E800533F9D /* ContentView.swift in Sources */,
				D553C078292290E800533F9D /* anaAlertApp.swift in Sources */,
			);
			runOnlyForDeploymentPostprocessing = 0;
		};
		D553C080292290EA00533F9D /* Sources */ = {
			isa = PBXSourcesBuildPhase;
			buildActionMask = 2147483647;
			files = (
				D553C089292290EA00533F9D /* anaAlertTests.swift in Sources */,
			);
			runOnlyForDeploymentPostprocessing = 0;
		};
		D553C08A292290EA00533F9D /* Sources */ = {
			isa = PBXSourcesBuildPhase;
			buildActionMask = 2147483647;
			files = (
				D553C095292290EA00533F9D /* anaAlertUITestsLaunchTests.swift in Sources */,
				D553C093292290EA00533F9D /* anaAlertUITests.swift in Sources */,
			);
			runOnlyForDeploymentPostprocessing = 0;
		};
/* End PBXSourcesBuildPhase section */

/* Begin PBXTargetDependency section */
		D553C086292290EA00533F9D /* PBXTargetDependency */ = {
			isa = PBXTargetDependency;
			target = D553C073292290E800533F9D /* anaAlert */;
			targetProxy = D553C085292290EA00533F9D /* PBXContainerItemProxy */;
		};
		D553C090292290EA00533F9D /* PBXTargetDependency */ = {
			isa = PBXTargetDependency;
			target = D553C073292290E800533F9D /* anaAlert */;
			targetProxy = D553C08F292290EA00533F9D /* PBXContainerItemProxy */;
		};
/* End PBXTargetDependency section */

/* Begin XCBuildConfiguration section */
		D553C096292290EA00533F9D /* Debug */ = {
			isa = XCBuildConfiguration;
			buildSettings = {
				ALWAYS_SEARCH_USER_PATHS = NO;
				CLANG_ANALYZER_NONNULL = YES;
				CLANG_ANALYZER_NUMBER_OBJECT_CONVERSION = YES_AGGRESSIVE;
				CLANG_CXX_LANGUAGE_STANDARD = "gnu++20";
				CLANG_ENABLE_MODULES = YES;
				CLANG_ENABLE_OBJC_ARC = YES;
				CLANG_ENABLE_OBJC_WEAK = YES;
				CLANG_WARN_BLOCK_CAPTURE_AUTORELEASING = YES;
				CLANG_WARN_BOOL_CONVERSION = YES;
				CLANG_WARN_COMMA = YES;
				CLANG_WARN_CONSTANT_CONVERSION = YES;
				CLANG_WARN_DEPRECATED_OBJC_IMPLEMENTATIONS = YES;
				CLANG_WARN_DIRECT_OBJC_ISA_USAGE = YES_ERROR;
				CLANG_WARN_DOCUMENTATION_COMMENTS = YES;
				CLANG_WARN_EMPTY_BODY = YES;
				CLANG_WARN_ENUM_CONVERSION = YES;
				CLANG_WARN_INFINITE_RECURSION = YES;
				CLANG_WARN_INT_CONVERSION = YES;
				CLANG_WARN_NON_LITERAL_NULL_CONVERSION = YES;
				CLANG_WARN_OBJC_IMPLICIT_RETAIN_SELF = YES;
				CLANG_WARN_OBJC_LITERAL_CONVERSION = YES;
				CLANG_WARN_OBJC_ROOT_CLASS = YES_ERROR;
				CLANG_WARN_QUOTED_INCLUDE_IN_FRAMEWORK_HEADER = YES;
				CLANG_WARN_RANGE_LOOP_ANALYSIS = YES;
				CLANG_WARN_STRICT_PROTOTYPES = YES;
				CLANG_WARN_SUSPICIOUS_MOVE = YES;
				CLANG_WARN_UNGUARDED_AVAILABILITY = YES_AGGRESSIVE;
				CLANG_WARN_UNREACHABLE_CODE = YES;
				CLANG_WARN__DUPLICATE_METHOD_MATCH = YES;
				COPY_PHASE_STRIP = NO;
				DEBUG_INFORMATION_FORMAT = dwarf;
				ENABLE_STRICT_OBJC_MSGSEND = YES;
				ENABLE_TESTABILITY = YES;
				GCC_C_LANGUAGE_STANDARD = gnu11;
				GCC_DYNAMIC_NO_PIC = NO;
				GCC_NO_COMMON_BLOCKS = YES;
				GCC_OPTIMIZATION_LEVEL = 0;
				GCC_PREPROCESSOR_DEFINITIONS = (
					"DEBUG=1",
					"$(inherited)",
				);
				GCC_WARN_64_TO_32_BIT_CONVERSION = YES;
				GCC_WARN_ABOUT_RETURN_TYPE = YES_ERROR;
				GCC_WARN_UNDECLARED_SELECTOR = YES;
				GCC_WARN_UNINITIALIZED_AUTOS = YES_AGGRESSIVE;
				GCC_WARN_UNUSED_FUNCTION = YES;
				GCC_WARN_UNUSED_VARIABLE = YES;
				IPHONEOS_DEPLOYMENT_TARGET = 16.1;
				MTL_ENABLE_DEBUG_INFO = INCLUDE_SOURCE;
				MTL_FAST_MATH = YES;
				ONLY_ACTIVE_ARCH = YES;
				SDKROOT = iphoneos;
				SWIFT_ACTIVE_COMPILATION_CONDITIONS = DEBUG;
				SWIFT_OPTIMIZATION_LEVEL = "-Onone";
			};
			name = Debug;
		};
		D553C097292290EA00533F9D /* Release */ = {
			isa = XCBuildConfiguration;
			buildSettings = {
				ALWAYS_SEARCH_USER_PATHS = NO;
				CLANG_ANALYZER_NONNULL = YES;
				CLANG_ANALYZER_NUMBER_OBJECT_CONVERSION = YES_AGGRESSIVE;
				CLANG_CXX_LANGUAGE_STANDARD = "gnu++20";
				CLANG_ENABLE_MODULES = YES;
				CLANG_ENABLE_OBJC_ARC = YES;
				CLANG_ENABLE_OBJC_WEAK = YES;
				CLANG_WARN_BLOCK_CAPTURE_AUTORELEASING = YES;
				CLANG_WARN_BOOL_CONVERSION = YES;
				CLANG_WARN_COMMA = YES;
				CLANG_WARN_CONSTANT_CONVERSION = YES;
				CLANG_WARN_DEPRECATED_OBJC_IMPLEMENTATIONS = YES;
				CLANG_WARN_DIRECT_OBJC_ISA_USAGE = YES_ERROR;
				CLANG_WARN_DOCUMENTATION_COMMENTS = YES;
				CLANG_WARN_EMPTY_BODY = YES;
				CLANG_WARN_ENUM_CONVERSION = YES;
				CLANG_WARN_INFINITE_RECURSION = YES;
				CLANG_WARN_INT_CONVERSION = YES;
				CLANG_WARN_NON_LITERAL_NULL_CONVERSION = YES;
				CLANG_WARN_OBJC_IMPLICIT_RETAIN_SELF = YES;
				CLANG_WARN_OBJC_LITERAL_CONVERSION = YES;
				CLANG_WARN_OBJC_ROOT_CLASS = YES_ERROR;
				CLANG_WARN_QUOTED_INCLUDE_IN_FRAMEWORK_HEADER = YES;
				CLANG_WARN_RANGE_LOOP_ANALYSIS = YES;
				CLANG_WARN_STRICT_PROTOTYPES = YES;
				CLANG_WARN_SUSPICIOUS_MOVE = YES;
				CLANG_WARN_UNGUARDED_AVAILABILITY = YES_AGGRESSIVE;
				CLANG_WARN_UNREACHABLE_CODE = YES;
				CLANG_WARN__DUPLICATE_METHOD_MATCH = YES;
				COPY_PHASE_STRIP = NO;
				DEBUG_INFORMATION_FORMAT = "dwarf-with-dsym";
				ENABLE_NS_ASSERTIONS = NO;
				ENABLE_STRICT_OBJC_MSGSEND = YES;
				GCC_C_LANGUAGE_STANDARD = gnu11;
				GCC_NO_COMMON_BLOCKS = YES;
				GCC_WARN_64_TO_32_BIT_CONVERSION = YES;
				GCC_WARN_ABOUT_RETURN_TYPE = YES_ERROR;
				GCC_WARN_UNDECLARED_SELECTOR = YES;
				GCC_WARN_UNINITIALIZED_AUTOS = YES_AGGRESSIVE;
				GCC_WARN_UNUSED_FUNCTION = YES;
				GCC_WARN_UNUSED_VARIABLE = YES;
				IPHONEOS_DEPLOYMENT_TARGET = 16.1;
				MTL_ENABLE_DEBUG_INFO = NO;
				MTL_FAST_MATH = YES;
				SDKROOT = iphoneos;
				SWIFT_COMPILATION_MODE = wholemodule;
				SWIFT_OPTIMIZATION_LEVEL = "-O";
				VALIDATE_PRODUCT = YES;
			};
			name = Release;
		};
		D553C099292290EA00533F9D /* Debug */ = {
			isa = XCBuildConfiguration;
			buildSettings = {
				ASSETCATALOG_COMPILER_APPICON_NAME = AppIcon;
				ASSETCATALOG_COMPILER_GLOBAL_ACCENT_COLOR_NAME = AccentColor;
				CODE_SIGN_STYLE = Automatic;
				CURRENT_PROJECT_VERSION = 1;
				DEVELOPMENT_ASSET_PATHS = "\"anaAlert/Preview Content\"";
				ENABLE_PREVIEWS = YES;
				GENERATE_INFOPLIST_FILE = YES;
				INFOPLIST_KEY_UIApplicationSceneManifest_Generation = YES;
				INFOPLIST_KEY_UIApplicationSupportsIndirectInputEvents = YES;
				INFOPLIST_KEY_UILaunchScreen_Generation = YES;
				INFOPLIST_KEY_UISupportedInterfaceOrientations_iPad = "UIInterfaceOrientationPortrait UIInterfaceOrientationPortraitUpsideDown UIInterfaceOrientationLandscapeLeft UIInterfaceOrientationLandscapeRight";
				INFOPLIST_KEY_UISupportedInterfaceOrientations_iPhone = "UIInterfaceOrientationPortrait UIInterfaceOrientationLandscapeLeft UIInterfaceOrientationLandscapeRight";
				LD_RUNPATH_SEARCH_PATHS = (
					"$(inherited)",
					"@executable_path/Frameworks",
				);
				MARKETING_VERSION = 1.0;
				PRODUCT_BUNDLE_IDENTIFIER = teamSnacks.anaAlert;
				PRODUCT_NAME = "$(TARGET_NAME)";
				SWIFT_EMIT_LOC_STRINGS = YES;
				SWIFT_VERSION = 5.0;
				TARGETED_DEVICE_FAMILY = "1,2";
			};
			name = Debug;
		};
		D553C09A292290EA00533F9D /* Release */ = {
			isa = XCBuildConfiguration;
			buildSettings = {
				ASSETCATALOG_COMPILER_APPICON_NAME = AppIcon;
				ASSETCATALOG_COMPILER_GLOBAL_ACCENT_COLOR_NAME = AccentColor;
				CODE_SIGN_STYLE = Automatic;
				CURRENT_PROJECT_VERSION = 1;
				DEVELOPMENT_ASSET_PATHS = "\"anaAlert/Preview Content\"";
				ENABLE_PREVIEWS = YES;
				GENERATE_INFOPLIST_FILE = YES;
				INFOPLIST_KEY_UIApplicationSceneManifest_Generation = YES;
				INFOPLIST_KEY_UIApplicationSupportsIndirectInputEvents = YES;
				INFOPLIST_KEY_UILaunchScreen_Generation = YES;
				INFOPLIST_KEY_UISupportedInterfaceOrientations_iPad = "UIInterfaceOrientationPortrait UIInterfaceOrientationPortraitUpsideDown UIInterfaceOrientationLandscapeLeft UIInterfaceOrientationLandscapeRight";
				INFOPLIST_KEY_UISupportedInterfaceOrientations_iPhone = "UIInterfaceOrientationPortrait UIInterfaceOrientationLandscapeLeft UIInterfaceOrientationLandscapeRight";
				LD_RUNPATH_SEARCH_PATHS = (
					"$(inherited)",
					"@executable_path/Frameworks",
				);
				MARKETING_VERSION = 1.0;
				PRODUCT_BUNDLE_IDENTIFIER = teamSnacks.anaAlert;
				PRODUCT_NAME = "$(TARGET_NAME)";
				SWIFT_EMIT_LOC_STRINGS = YES;
				SWIFT_VERSION = 5.0;
				TARGETED_DEVICE_FAMILY = "1,2";
			};
			name = Release;
		};
		D553C09C292290EA00533F9D /* Debug */ = {
			isa = XCBuildConfiguration;
			buildSettings = {
				ALWAYS_EMBED_SWIFT_STANDARD_LIBRARIES = YES;
				BUNDLE_LOADER = "$(TEST_HOST)";
				CODE_SIGN_STYLE = Automatic;
				CURRENT_PROJECT_VERSION = 1;
				GENERATE_INFOPLIST_FILE = YES;
				IPHONEOS_DEPLOYMENT_TARGET = 16.1;
				MARKETING_VERSION = 1.0;
				PRODUCT_BUNDLE_IDENTIFIER = teamSnacks.anaAlertTests;
				PRODUCT_NAME = "$(TARGET_NAME)";
				SWIFT_EMIT_LOC_STRINGS = NO;
				SWIFT_VERSION = 5.0;
				TARGETED_DEVICE_FAMILY = "1,2";
				TEST_HOST = "$(BUILT_PRODUCTS_DIR)/anaAlert.app/$(BUNDLE_EXECUTABLE_FOLDER_PATH)/anaAlert";
			};
			name = Debug;
		};
		D553C09D292290EA00533F9D /* Release */ = {
			isa = XCBuildConfiguration;
			buildSettings = {
				ALWAYS_EMBED_SWIFT_STANDARD_LIBRARIES = YES;
				BUNDLE_LOADER = "$(TEST_HOST)";
				CODE_SIGN_STYLE = Automatic;
				CURRENT_PROJECT_VERSION = 1;
				GENERATE_INFOPLIST_FILE = YES;
				IPHONEOS_DEPLOYMENT_TARGET = 16.1;
				MARKETING_VERSION = 1.0;
				PRODUCT_BUNDLE_IDENTIFIER = teamSnacks.anaAlertTests;
				PRODUCT_NAME = "$(TARGET_NAME)";
				SWIFT_EMIT_LOC_STRINGS = NO;
				SWIFT_VERSION = 5.0;
				TARGETED_DEVICE_FAMILY = "1,2";
				TEST_HOST = "$(BUILT_PRODUCTS_DIR)/anaAlert.app/$(BUNDLE_EXECUTABLE_FOLDER_PATH)/anaAlert";
			};
			name = Release;
		};
		D553C09F292290EA00533F9D /* Debug */ = {
			isa = XCBuildConfiguration;
			buildSettings = {
				ALWAYS_EMBED_SWIFT_STANDARD_LIBRARIES = YES;
				CODE_SIGN_STYLE = Automatic;
				CURRENT_PROJECT_VERSION = 1;
				GENERATE_INFOPLIST_FILE = YES;
				MARKETING_VERSION = 1.0;
				PRODUCT_BUNDLE_IDENTIFIER = teamSnacks.anaAlertUITests;
				PRODUCT_NAME = "$(TARGET_NAME)";
				SWIFT_EMIT_LOC_STRINGS = NO;
				SWIFT_VERSION = 5.0;
				TARGETED_DEVICE_FAMILY = "1,2";
				TEST_TARGET_NAME = anaAlert;
			};
			name = Debug;
		};
		D553C0A0292290EA00533F9D /* Release */ = {
			isa = XCBuildConfiguration;
			buildSettings = {
				ALWAYS_EMBED_SWIFT_STANDARD_LIBRARIES = YES;
				CODE_SIGN_STYLE = Automatic;
				CURRENT_PROJECT_VERSION = 1;
				GENERATE_INFOPLIST_FILE = YES;
				MARKETING_VERSION = 1.0;
				PRODUCT_BUNDLE_IDENTIFIER = teamSnacks.anaAlertUITests;
				PRODUCT_NAME = "$(TARGET_NAME)";
				SWIFT_EMIT_LOC_STRINGS = NO;
				SWIFT_VERSION = 5.0;
				TARGETED_DEVICE_FAMILY = "1,2";
				TEST_TARGET_NAME = anaAlert;
			};
			name = Release;
		};
/* End XCBuildConfiguration section */

/* Begin XCConfigurationList section */
		D553C06F292290E800533F9D /* Build configuration list for PBXProject "anaAlert" */ = {
			isa = XCConfigurationList;
			buildConfigurations = (
				D553C096292290EA00533F9D /* Debug */,
				D553C097292290EA00533F9D /* Release */,
			);
			defaultConfigurationIsVisible = 0;
			defaultConfigurationName = Release;
		};
		D553C098292290EA00533F9D /* Build configuration list for PBXNativeTarget "anaAlert" */ = {
			isa = XCConfigurationList;
			buildConfigurations = (
				D553C099292290EA00533F9D /* Debug */,
				D553C09A292290EA00533F9D /* Release */,
			);
			defaultConfigurationIsVisible = 0;
			defaultConfigurationName = Release;
		};
		D553C09B292290EA00533F9D /* Build configuration list for PBXNativeTarget "anaAlertTests" */ = {
			isa = XCConfigurationList;
			buildConfigurations = (
				D553C09C292290EA00533F9D /* Debug */,
				D553C09D292290EA00533F9D /* Release */,
			);
			defaultConfigurationIsVisible = 0;
			defaultConfigurationName = Release;
		};
		D553C09E292290EA00533F9D /* Build configuration list for PBXNativeTarget "anaAlertUITests" */ = {
			isa = XCConfigurationList;
			buildConfigurations = (
				D553C09F292290EA00533F9D /* Debug */,
				D553C0A0292290EA00533F9D /* Release */,
			);
			defaultConfigurationIsVisible = 0;
			defaultConfigurationName = Release;
		};
/* End XCConfigurationList section */
	};
	rootObject = D553C06C292290E800533F9D /* Project object */;
}
